
Microsoft Visual Studio Solution File, Format Version 12.00
# Visual Studio Version 16
VisualStudioVersion = 16.0.30204.135
MinimumVisualStudioVersion = 10.0.40219.1
Project("{FAE04EC0-301F-11D3-BF4B-00C04F79EFBC}") = "COMP123-MidTermExam", "COMP123-MidTermExam\COMP123-MidTermExam.csproj", "{6E2B1072-5AB1-456F-AC4D-132C01F80230}"
EndProject
Project("{2150E333-8FDC-42A3-9474-1A3956D46DE8}") = "Solution Items", "Solution Items", "{6EAA4E28-B66B-43C6-87A9-85B33FF6B774}"
EndProject
Global
	GlobalSection(SolutionConfigurationPlatforms) = preSolution
		Debug|Any CPU = Debug|Any CPU
		Release|Any CPU = Release|Any CPU
	EndGlobalSection
	GlobalSection(ProjectConfigurationPlatforms) = postSolution
		{6E2B1072-5AB1-456F-AC4D-132C01F80230}.Debug|Any CPU.ActiveCfg = Debug|Any CPU
		{6E2B1072-5AB1-456F-AC4D-132C01F80230}.Debug|Any CPU.Build.0 = Debug|Any CPU
		{6E2B1072-5AB1-456F-AC4D-132C01F80230}.Release|Any CPU.ActiveCfg = Release|Any CPU
		{6E2B1072-5AB1-456F-AC4D-132C01F80230}.Release|Any CPU.Build.0 = Release|Any CPU
	EndGlobalSection
	GlobalSection(SolutionProperties) = preSolution
		HideSolutionNode = FALSE
	EndGlobalSection
	GlobalSection(ExtensibilityGlobals) = postSolution
		SolutionGuid = {E46D1B23-CFD8-4D12-B903-D109EAA97EB3}
	EndGlobalSection
EndGlobal
